// !$*UTF8*$!
{
	archiveVersion = 1;
	classes = {};
	objectVersion = 56;
	objects = {

/* Begin PBXBuildFile section */
		A10000000000000000000001 /* NetworkToApp.swift in Sources */ = {isa = PBXBuildFile; fileRef = B10000000000000000000001 /* NetworkToApp.swift */; };
		A10000000000000000000002 /* AppStore.swift in Sources */ = {isa = PBXBuildFile; fileRef = B10000000000000000000002 /* AppStore.swift */; };
		A10000000000000000000003 /* Models.swift in Sources */ = {isa = PBXBuildFile; fileRef = B10000000000000000000003 /* Models.swift */; };
		A10000000000000000000004 /* DesignSystem.swift in Sources */ = {isa = PBXBuildFile; fileRef = B10000000000000000000004 /* DesignSystem.swift */; };
		A10000000000000000000005 /* Components.swift in Sources */ = {isa = PBXBuildFile; fileRef = B10000000000000000000005 /* Components.swift */; };
		A10000000000000000000006 /* OnboardingView.swift in Sources */ = {isa = PBXBuildFile; fileRef = B10000000000000000000006 /* OnboardingView.swift */; };
		A10000000000000000000007 /* MainTabView.swift in Sources */ = {isa = PBXBuildFile; fileRef = B10000000000000000000007 /* MainTabView.swift */; };
		A10000000000000000000008 /* TodayView.swift in Sources */ = {isa = PBXBuildFile; fileRef = B10000000000000000000008 /* TodayView.swift */; };
		A10000000000000000000009 /* IntroductionFlowView.swift in Sources */ = {isa = PBXBuildFile; fileRef = B10000000000000000000009 /* IntroductionFlowView.swift */; };
		A1000000000000000000000A /* MessagesView.swift in Sources */ = {isa = PBXBuildFile; fileRef = B1000000000000000000000A /* MessagesView.swift */; };
		A1000000000000000000000B /* ConnectionsView.swift in Sources */ = {isa = PBXBuildFile; fileRef = B1000000000000000000000B /* ConnectionsView.swift */; };
		A1000000000000000000000C /* ProfileView.swift in Sources */ = {isa = PBXBuildFile; fileRef = B1000000000000000000000C /* ProfileView.swift */; };
		A1000000000000000000000D /* AppStoreTests.swift in Sources */ = {isa = PBXBuildFile; fileRef = B1000000000000000000000D /* AppStoreTests.swift */; };
		A1000000000000000000000E /* AuthenticationView.swift in Sources */ = {isa = PBXBuildFile; fileRef = B10000000000000000000010 /* AuthenticationView.swift */; };
		A1000000000000000000000F /* MockBackendService.swift in Sources */ = {isa = PBXBuildFile; fileRef = B10000000000000000000011 /* MockBackendService.swift */; };
		A10000000000000000000010 /* PreferenceViews.swift in Sources */ = {isa = PBXBuildFile; fileRef = B10000000000000000000012 /* PreferenceViews.swift */; };
		A10000000000000000000011 /* SafetyAndMeetupViews.swift in Sources */ = {isa = PBXBuildFile; fileRef = B10000000000000000000013 /* SafetyAndMeetupViews.swift */; };
		A10000000000000000000012 /* Supabase in Frameworks */ = {isa = PBXBuildFile; productRef = L10000000000000000000001 /* Supabase */; };
		A10000000000000000000013 /* BackendService.swift in Sources */ = {isa = PBXBuildFile; fileRef = B10000000000000000000014 /* BackendService.swift */; };
		A10000000000000000000014 /* SupabaseBackendService.swift in Sources */ = {isa = PBXBuildFile; fileRef = B10000000000000000000015 /* SupabaseBackendService.swift */; };
		A10000000000000000000015 /* Assets.xcassets in Resources */ = {isa = PBXBuildFile; fileRef = B10000000000000000000016 /* Assets.xcassets */; };
		A10000000000000000000016 /* SubscriptionStore.swift in Sources */ = {isa = PBXBuildFile; fileRef = B10000000000000000000017 /* SubscriptionStore.swift */; };
		A10000000000000000000017 /* MembershipView.swift in Sources */ = {isa = PBXBuildFile; fileRef = B10000000000000000000018 /* MembershipView.swift */; };
		A10000000000000000000018 /* CompanyMark.swift in Sources */ = {isa = PBXBuildFile; fileRef = B10000000000000000000019 /* CompanyMark.swift */; };
		A10000000000000000000019 /* CompanyMarkDiskCache.swift in Sources */ = {isa = PBXBuildFile; fileRef = B1000000000000000000001A /* CompanyMarkDiskCache.swift */; };
		A1000000000000000000001A /* CompanyMarkTests.swift in Sources */ = {isa = PBXBuildFile; fileRef = B1000000000000000000001B /* CompanyMarkTests.swift */; };
		A1000000000000000000001B /* AppDelegate.swift in Sources */ = {isa = PBXBuildFile; fileRef = B1000000000000000000001C /* AppDelegate.swift */; };
		A1000000000000000000001C /* NotificationRouting.swift in Sources */ = {isa = PBXBuildFile; fileRef = B1000000000000000000001D /* NotificationRouting.swift */; };
		A1000000000000000000001D /* NotificationCenterClient.swift in Sources */ = {isa = PBXBuildFile; fileRef = B1000000000000000000001E /* NotificationCenterClient.swift */; };
		A1000000000000000000001E /* NotificationTestDoubles.swift in Sources */ = {isa = PBXBuildFile; fileRef = B1000000000000000000001F /* NotificationTestDoubles.swift */; };
		A1000000000000000000001F /* NotificationRoutingTests.swift in Sources */ = {isa = PBXBuildFile; fileRef = B10000000000000000000020 /* NotificationRoutingTests.swift */; };
		A10000000000000000000020 /* NotificationStoreTests.swift in Sources */ = {isa = PBXBuildFile; fileRef = B10000000000000000000021 /* NotificationStoreTests.swift */; };
		A10000000000000000000021 /* NotificationRegistrationTests.swift in Sources */ = {isa = PBXBuildFile; fileRef = B10000000000000000000022 /* NotificationRegistrationTests.swift */; };
/* End PBXBuildFile section */

/* Begin PBXContainerItemProxy section */
		C10000000000000000000001 = {
			isa = PBXContainerItemProxy;
			containerPortal = D10000000000000000000001 /* Project object */;
			proxyType = 1;
			remoteGlobalIDString = E10000000000000000000001;
			remoteInfo = NetworkTo;
		};
/* End PBXContainerItemProxy section */

/* Begin PBXFileReference section */
		B10000000000000000000001 /* NetworkToApp.swift */ = {isa = PBXFileReference; lastKnownFileType = sourcecode.swift; path = NetworkToApp.swift; sourceTree = "<group>"; };
		B10000000000000000000002 /* AppStore.swift */ = {isa = PBXFileReference; lastKnownFileType = sourcecode.swift; path = AppStore.swift; sourceTree = "<group>"; };
		B10000000000000000000003 /* Models.swift */ = {isa = PBXFileReference; lastKnownFileType = sourcecode.swift; path = Models.swift; sourceTree = "<group>"; };
		B10000000000000000000004 /* DesignSystem.swift */ = {isa = PBXFileReference; lastKnownFileType = sourcecode.swift; path = DesignSystem.swift; sourceTree = "<group>"; };
		B10000000000000000000005 /* Components.swift */ = {isa = PBXFileReference; lastKnownFileType = sourcecode.swift; path = Components.swift; sourceTree = "<group>"; };
		B10000000000000000000006 /* OnboardingView.swift */ = {isa = PBXFileReference; lastKnownFileType = sourcecode.swift; path = OnboardingView.swift; sourceTree = "<group>"; };
		B10000000000000000000007 /* MainTabView.swift */ = {isa = PBXFileReference; lastKnownFileType = sourcecode.swift; path = MainTabView.swift; sourceTree = "<group>"; };
		B10000000000000000000008 /* TodayView.swift */ = {isa = PBXFileReference; lastKnownFileType = sourcecode.swift; path = TodayView.swift; sourceTree = "<group>"; };
		B10000000000000000000009 /* IntroductionFlowView.swift */ = {isa = PBXFileReference; lastKnownFileType = sourcecode.swift; path = IntroductionFlowView.swift; sourceTree = "<group>"; };
		B1000000000000000000000A /* MessagesView.swift */ = {isa = PBXFileReference; lastKnownFileType = sourcecode.swift; path = MessagesView.swift; sourceTree = "<group>"; };
		B1000000000000000000000B /* ConnectionsView.swift */ = {isa = PBXFileReference; lastKnownFileType = sourcecode.swift; path = ConnectionsView.swift; sourceTree = "<group>"; };
		B1000000000000000000000C /* ProfileView.swift */ = {isa = PBXFileReference; lastKnownFileType = sourcecode.swift; path = ProfileView.swift; sourceTree = "<group>"; };
		B1000000000000000000000D /* AppStoreTests.swift */ = {isa = PBXFileReference; lastKnownFileType = sourcecode.swift; path = AppStoreTests.swift; sourceTree = "<group>"; };
		B1000000000000000000000E /* NetworkTo.app */ = {isa = PBXFileReference; explicitFileType = wrapper.application; includeInIndex = 0; path = NetworkTo.app; sourceTree = BUILT_PRODUCTS_DIR; };
		B1000000000000000000000F /* NetworkToTests.xctest */ = {isa = PBXFileReference; explicitFileType = wrapper.cfbundle; includeInIndex = 0; path = NetworkToTests.xctest; sourceTree = BUILT_PRODUCTS_DIR; };
		B10000000000000000000010 /* AuthenticationView.swift */ = {isa = PBXFileReference; lastKnownFileType = sourcecode.swift; path = AuthenticationView.swift; sourceTree = "<group>"; };
		B10000000000000000000011 /* MockBackendService.swift */ = {isa = PBXFileReference; lastKnownFileType = sourcecode.swift; path = MockBackendService.swift; sourceTree = "<group>"; };
		B10000000000000000000012 /* PreferenceViews.swift */ = {isa = PBXFileReference; lastKnownFileType = sourcecode.swift; path = PreferenceViews.swift; sourceTree = "<group>"; };
		B10000000000000000000013 /* SafetyAndMeetupViews.swift */ = {isa = PBXFileReference; lastKnownFileType = sourcecode.swift; path = SafetyAndMeetupViews.swift; sourceTree = "<group>"; };
		B10000000000000000000014 /* BackendService.swift */ = {isa = PBXFileReference; lastKnownFileType = sourcecode.swift; path = BackendService.swift; sourceTree = "<group>"; };
		B10000000000000000000015 /* SupabaseBackendService.swift */ = {isa = PBXFileReference; lastKnownFileType = sourcecode.swift; path = SupabaseBackendService.swift; sourceTree = "<group>"; };
		B10000000000000000000016 /* Assets.xcassets */ = {isa = PBXFileReference; lastKnownFileType = folder.assetcatalog; path = Assets.xcassets; sourceTree = "<group>"; };
		B10000000000000000000017 /* SubscriptionStore.swift */ = {isa = PBXFileReference; lastKnownFileType = sourcecode.swift; path = SubscriptionStore.swift; sourceTree = "<group>"; };
		B10000000000000000000018 /* MembershipView.swift */ = {isa = PBXFileReference; lastKnownFileType = sourcecode.swift; path = MembershipView.swift; sourceTree = "<group>"; };
		B10000000000000000000019 /* CompanyMark.swift */ = {isa = PBXFileReference; lastKnownFileType = sourcecode.swift; path = CompanyMark.swift; sourceTree = "<group>"; };
		B1000000000000000000001A /* CompanyMarkDiskCache.swift */ = {isa = PBXFileReference; lastKnownFileType = sourcecode.swift; path = CompanyMarkDiskCache.swift; sourceTree = "<group>"; };
		B1000000000000000000001B /* CompanyMarkTests.swift */ = {isa = PBXFileReference; lastKnownFileType = sourcecode.swift; path = CompanyMarkTests.swift; sourceTree = "<group>"; };
		B1000000000000000000001C /* AppDelegate.swift */ = {isa = PBXFileReference; lastKnownFileType = sourcecode.swift; path = AppDelegate.swift; sourceTree = "<group>"; };
		B1000000000000000000001D /* NotificationRouting.swift */ = {isa = PBXFileReference; lastKnownFileType = sourcecode.swift; path = NotificationRouting.swift; sourceTree = "<group>"; };
		B1000000000000000000001E /* NotificationCenterClient.swift */ = {isa = PBXFileReference; lastKnownFileType = sourcecode.swift; path = NotificationCenterClient.swift; sourceTree = "<group>"; };
		B1000000000000000000001F /* NotificationTestDoubles.swift */ = {isa = PBXFileReference; lastKnownFileType = sourcecode.swift; path = NotificationTestDoubles.swift; sourceTree = "<group>"; };
		B10000000000000000000020 /* NotificationRoutingTests.swift */ = {isa = PBXFileReference; lastKnownFileType = sourcecode.swift; path = NotificationRoutingTests.swift; sourceTree = "<group>"; };
		B10000000000000000000021 /* NotificationStoreTests.swift */ = {isa = PBXFileReference; lastKnownFileType = sourcecode.swift; path = NotificationStoreTests.swift; sourceTree = "<group>"; };
		B10000000000000000000022 /* NotificationRegistrationTests.swift */ = {isa = PBXFileReference; lastKnownFileType = sourcecode.swift; path = NotificationRegistrationTests.swift; sourceTree = "<group>"; };
		B10000000000000000000023 /* NetworkTo.entitlements */ = {isa = PBXFileReference; lastKnownFileType = text.plist.entitlements; path = NetworkTo.entitlements; sourceTree = "<group>"; };
/* End PBXFileReference section */

/* Begin PBXFrameworksBuildPhase section */
		F10000000000000000000001 = {isa = PBXFrameworksBuildPhase; buildActionMask = 2147483647; files = (A10000000000000000000012 /* Supabase in Frameworks */,); runOnlyForDeploymentPostprocessing = 0; };
		F10000000000000000000002 = {isa = PBXFrameworksBuildPhase; buildActionMask = 2147483647; files = (); runOnlyForDeploymentPostprocessing = 0; };
/* End PBXFrameworksBuildPhase section */

/* Begin PBXGroup section */
		D10000000000000000000002 = {
			isa = PBXGroup;
			children = (
				D10000000000000000000003 /* NetworkTo */,
				D1000000000000000000000E /* NetworkToTests */,
				D1000000000000000000000F /* Products */,
			);
			sourceTree = "<group>";
		};
		D10000000000000000000003 /* NetworkTo */ = {
			isa = PBXGroup;
			children = (
				B10000000000000000000016 /* Assets.xcassets */,
				B10000000000000000000023 /* NetworkTo.entitlements */,
				D10000000000000000000004 /* App */,
				D10000000000000000000005 /* Models */,
				D10000000000000000000012 /* Services */,
				D10000000000000000000006 /* DesignSystem */,
				D10000000000000000000007 /* Features */,
			);
			path = NetworkTo;
			sourceTree = "<group>";
		};
		D10000000000000000000004 /* App */ = {isa = PBXGroup; children = (B10000000000000000000001, B10000000000000000000002, B1000000000000000000001C); path = App; sourceTree = "<group>"; };
		D10000000000000000000005 /* Models */ = {isa = PBXGroup; children = (B10000000000000000000003); path = Models; sourceTree = "<group>"; };
		D10000000000000000000006 /* DesignSystem */ = {isa = PBXGroup; children = (B10000000000000000000004, B10000000000000000000005, B10000000000000000000019); path = DesignSystem; sourceTree = "<group>"; };
		D10000000000000000000007 /* Features */ = {
			isa = PBXGroup;
			children = (D10000000000000000000011, D10000000000000000000008, D10000000000000000000009, D1000000000000000000000A, D1000000000000000000000B, D1000000000000000000000C, D1000000000000000000000D, D10000000000000000000010, D10000000000000000000013);
			path = Features;
			sourceTree = "<group>";
		};
		D10000000000000000000008 /* Onboarding */ = {isa = PBXGroup; children = (B10000000000000000000006); path = Onboarding; sourceTree = "<group>"; };
		D10000000000000000000009 /* Main */ = {isa = PBXGroup; children = (B10000000000000000000007); path = Main; sourceTree = "<group>"; };
		D1000000000000000000000A /* Today */ = {isa = PBXGroup; children = (B10000000000000000000008); path = Today; sourceTree = "<group>"; };
		D1000000000000000000000B /* Introduction */ = {isa = PBXGroup; children = (B10000000000000000000009); path = Introduction; sourceTree = "<group>"; };
		D1000000000000000000000C /* Messages */ = {isa = PBXGroup; children = (B1000000000000000000000A, B10000000000000000000013); path = Messages; sourceTree = "<group>"; };
		D1000000000000000000000D /* Connections */ = {isa = PBXGroup; children = (B1000000000000000000000B); path = Connections; sourceTree = "<group>"; };
		D10000000000000000000010 /* Profile */ = {isa = PBXGroup; children = (B1000000000000000000000C, B10000000000000000000012); path = Profile; sourceTree = "<group>"; };
		D10000000000000000000011 /* Authentication */ = {isa = PBXGroup; children = (B10000000000000000000010); path = Authentication; sourceTree = "<group>"; };
		D10000000000000000000012 /* Services */ = {isa = PBXGroup; children = (B10000000000000000000014, B10000000000000000000015, B10000000000000000000011, B10000000000000000000017, B1000000000000000000001A, B1000000000000000000001D, B1000000000000000000001E); path = Services; sourceTree = "<group>"; };
		D10000000000000000000013 /* Subscription */ = {isa = PBXGroup; children = (B10000000000000000000018); path = Subscription; sourceTree = "<group>"; };
		D1000000000000000000000E /* NetworkToTests */ = {isa = PBXGroup; children = (B1000000000000000000000D, B1000000000000000000001B, B1000000000000000000001F, B10000000000000000000020, B10000000000000000000021, B10000000000000000000022); path = NetworkToTests; sourceTree = "<group>"; };
		D1000000000000000000000F /* Products */ = {isa = PBXGroup; children = (B1000000000000000000000E, B1000000000000000000000F); name = Products; sourceTree = "<group>"; };
/* End PBXGroup section */

/* Begin PBXNativeTarget section */
		E10000000000000000000001 /* NetworkTo */ = {
			isa = PBXNativeTarget;
			buildConfigurationList = G10000000000000000000002;
			buildPhases = (H10000000000000000000001, F10000000000000000000001, I10000000000000000000001);
			buildRules = ();
			dependencies = ();
			name = NetworkTo;
			packageProductDependencies = (L10000000000000000000001 /* Supabase */,);
			productName = NetworkTo;
			productReference = B1000000000000000000000E;
			productType = "com.apple.product-type.application";
		};
		E10000000000000000000002 /* NetworkToTests */ = {
			isa = PBXNativeTarget;
			buildConfigurationList = G10000000000000000000003;
			buildPhases = (H10000000000000000000002, F10000000000000000000002, I10000000000000000000002);
			buildRules = ();
			dependencies = (C10000000000000000000002);
			name = NetworkToTests;
			productName = NetworkToTests;
			productReference = B1000000000000000000000F;
			productType = "com.apple.product-type.bundle.unit-test";
		};
/* End PBXNativeTarget section */

/* Begin PBXProject section */
		D10000000000000000000001 /* Project object */ = {
			isa = PBXProject;
			attributes = {BuildIndependentTargetsInParallel = 1; LastSwiftUpdateCheck = 2600; LastUpgradeCheck = 2600; TargetAttributes = {E10000000000000000000001 = {CreatedOnToolsVersion = 26.0;}; E10000000000000000000002 = {CreatedOnToolsVersion = 26.0; TestTargetID = E10000000000000000000001;};};};
			buildConfigurationList = G10000000000000000000001;
			compatibilityVersion = "Xcode 14.0";
			developmentRegion = en;
			hasScannedForEncodings = 0;
			knownRegions = (en, Base);
			mainGroup = D10000000000000000000002;
			packageReferences = (K10000000000000000000001 /* XCRemoteSwiftPackageReference "supabase-swift" */,);
			productRefGroup = D1000000000000000000000F;
			projectDirPath = "";
			projectRoot = "";
			targets = (E10000000000000000000001, E10000000000000000000002);
		};
/* End PBXProject section */

/* Begin PBXResourcesBuildPhase section */
		I10000000000000000000001 = {isa = PBXResourcesBuildPhase; buildActionMask = 2147483647; files = (A10000000000000000000015 /* Assets.xcassets in Resources */,); runOnlyForDeploymentPostprocessing = 0; };
		I10000000000000000000002 = {isa = PBXResourcesBuildPhase; buildActionMask = 2147483647; files = (); runOnlyForDeploymentPostprocessing = 0; };
/* End PBXResourcesBuildPhase section */

/* Begin PBXSourcesBuildPhase section */
		H10000000000000000000001 = {
			isa = PBXSourcesBuildPhase;
			buildActionMask = 2147483647;
			files = (A10000000000000000000001, A10000000000000000000002, A10000000000000000000003, A10000000000000000000004, A10000000000000000000005, A10000000000000000000006, A10000000000000000000007, A10000000000000000000008, A10000000000000000000009, A1000000000000000000000A, A1000000000000000000000B, A1000000000000000000000C, A1000000000000000000000E, A1000000000000000000000F, A10000000000000000000010, A10000000000000000000011, A10000000000000000000013, A10000000000000000000014, A10000000000000000000016, A10000000000000000000017, A10000000000000000000018, A10000000000000000000019, A1000000000000000000001B, A1000000000000000000001C, A1000000000000000000001D);
			runOnlyForDeploymentPostprocessing = 0;
		};
		H10000000000000000000002 = {isa = PBXSourcesBuildPhase; buildActionMask = 2147483647; files = (A1000000000000000000000D, A1000000000000000000001A, A1000000000000000000001E, A1000000000000000000001F, A10000000000000000000020, A10000000000000000000021); runOnlyForDeploymentPostprocessing = 0; };
/* End PBXSourcesBuildPhase section */

/* Begin PBXTargetDependency section */
		C10000000000000000000002 = {isa = PBXTargetDependency; target = E10000000000000000000001; targetProxy = C10000000000000000000001; };
/* End PBXTargetDependency section */

/* Begin XCBuildConfiguration section */
		J10000000000000000000001 = {isa = XCBuildConfiguration; buildSettings = {ALWAYS_SEARCH_USER_PATHS = NO; CLANG_ENABLE_MODULES = YES; CLANG_ENABLE_OBJC_ARC = YES; ENABLE_STRICT_OBJC_MSGSEND = YES; GCC_C_LANGUAGE_STANDARD = gnu17; IPHONEOS_DEPLOYMENT_TARGET = 17.0; ONLY_ACTIVE_ARCH = YES; SDKROOT = iphoneos; SWIFT_ACTIVE_COMPILATION_CONDITIONS = DEBUG; SWIFT_OPTIMIZATION_LEVEL = "-Onone"; SWIFT_VERSION = 6.0;}; name = Debug; };
		J10000000000000000000002 = {isa = XCBuildConfiguration; buildSettings = {ALWAYS_SEARCH_USER_PATHS = NO; CLANG_ENABLE_MODULES = YES; CLANG_ENABLE_OBJC_ARC = YES; ENABLE_NS_ASSERTIONS = NO; ENABLE_STRICT_OBJC_MSGSEND = YES; GCC_C_LANGUAGE_STANDARD = gnu17; IPHONEOS_DEPLOYMENT_TARGET = 17.0; SDKROOT = iphoneos; SWIFT_COMPILATION_MODE = wholemodule; SWIFT_VERSION = 6.0; VALIDATE_PRODUCT = YES;}; name = Release; };
		J10000000000000000000003 = {isa = XCBuildConfiguration; buildSettings = {ASSETCATALOG_COMPILER_APPICON_NAME = AppIcon; CODE_SIGN_ENTITLEMENTS = NetworkTo/NetworkTo.entitlements; CODE_SIGN_STYLE = Automatic; CURRENT_PROJECT_VERSION = 4; DEVELOPMENT_ASSET_PATHS = ""; DEVELOPMENT_TEAM = 6Z4KNLU26A; ENABLE_PREVIEWS = YES; ENABLE_TESTABILITY = YES; GENERATE_INFOPLIST_FILE = YES; INFOPLIST_FILE = NetworkTo/Info.plist; INFOPLIST_KEY_CFBundleDisplayName = "network.to"; INFOPLIST_KEY_LSApplicationCategoryType = "public.app-category.social-networking"; INFOPLIST_KEY_SUPABASE_PUBLISHABLE_KEY = "$(SUPABASE_PUBLISHABLE_KEY)"; INFOPLIST_KEY_SUPABASE_URL = "$(SUPABASE_URL)"; INFOPLIST_KEY_UILaunchScreen_Generation = YES; IPHONEOS_DEPLOYMENT_TARGET = 17.0; MARKETING_VERSION = 1.0; ONLY_ACTIVE_ARCH = YES; PRODUCT_BUNDLE_IDENTIFIER = com.mesbahtanvir.networkto; PRODUCT_NAME = "$(TARGET_NAME)"; SUPABASE_PUBLISHABLE_KEY = "sb_publishable_URpybPp7gbYvI-cwWP1tfg_Sv4qqrEK"; SUPABASE_URL = "https://gixcwgzhjtfsglvjtlsj.supabase.co"; SUPPORTED_PLATFORMS = "iphoneos iphonesimulator"; SUPPORTS_MACCATALYST = NO; SWIFT_EMIT_LOC_STRINGS = YES; SWIFT_STRICT_CONCURRENCY = complete; SWIFT_VERSION = 6.0; TARGETED_DEVICE_FAMILY = 1;}; name = Debug; };
		J10000000000000000000004 = {isa = XCBuildConfiguration; buildSettings = {ASSETCATALOG_COMPILER_APPICON_NAME = AppIcon; CODE_SIGN_ENTITLEMENTS = NetworkTo/NetworkTo.entitlements; CODE_SIGN_STYLE = Automatic; CURRENT_PROJECT_VERSION = 4; DEVELOPMENT_TEAM = 6Z4KNLU26A; GENERATE_INFOPLIST_FILE = YES; INFOPLIST_FILE = NetworkTo/Info.plist; INFOPLIST_KEY_CFBundleDisplayName = "network.to"; INFOPLIST_KEY_LSApplicationCategoryType = "public.app-category.social-networking"; INFOPLIST_KEY_SUPABASE_PUBLISHABLE_KEY = "$(SUPABASE_PUBLISHABLE_KEY)"; INFOPLIST_KEY_SUPABASE_URL = "$(SUPABASE_URL)"; INFOPLIST_KEY_UILaunchScreen_Generation = YES; IPHONEOS_DEPLOYMENT_TARGET = 17.0; MARKETING_VERSION = 1.0; PRODUCT_BUNDLE_IDENTIFIER = com.mesbahtanvir.networkto; PRODUCT_NAME = "$(TARGET_NAME)"; SUPABASE_PUBLISHABLE_KEY = "sb_publishable_URpybPp7gbYvI-cwWP1tfg_Sv4qqrEK"; SUPABASE_URL = "https://gixcwgzhjtfsglvjtlsj.supabase.co"; SUPPORTED_PLATFORMS = "iphoneos iphonesimulator"; SUPPORTS_MACCATALYST = NO; SWIFT_COMPILATION_MODE = wholemodule; SWIFT_EMIT_LOC_STRINGS = YES; SWIFT_STRICT_CONCURRENCY = complete; SWIFT_VERSION = 6.0; TARGETED_DEVICE_FAMILY = 1; VALIDATE_PRODUCT = YES;}; name = Release; };
		J10000000000000000000005 = {isa = XCBuildConfiguration; buildSettings = {BUNDLE_LOADER = "$(TEST_HOST)"; CODE_SIGN_STYLE = Automatic; GENERATE_INFOPLIST_FILE = YES; IPHONEOS_DEPLOYMENT_TARGET = 17.0; ONLY_ACTIVE_ARCH = YES; PRODUCT_BUNDLE_IDENTIFIER = com.mesbahtanvir.networkto.tests; PRODUCT_NAME = "$(TARGET_NAME)"; SWIFT_STRICT_CONCURRENCY = complete; SWIFT_VERSION = 6.0; TARGETED_DEVICE_FAMILY = 1; TEST_HOST = "$(BUILT_PRODUCTS_DIR)/NetworkTo.app/$(BUNDLE_EXECUTABLE_FOLDER_PATH)/NetworkTo";}; name = Debug; };
		J10000000000000000000006 = {isa = XCBuildConfiguration; buildSettings = {BUNDLE_LOADER = "$(TEST_HOST)"; CODE_SIGN_STYLE = Automatic; GENERATE_INFOPLIST_FILE = YES; IPHONEOS_DEPLOYMENT_TARGET = 17.0; PRODUCT_BUNDLE_IDENTIFIER = com.mesbahtanvir.networkto.tests; PRODUCT_NAME = "$(TARGET_NAME)"; SWIFT_COMPILATION_MODE = wholemodule; SWIFT_STRICT_CONCURRENCY = complete; SWIFT_VERSION = 6.0; TARGETED_DEVICE_FAMILY = 1; TEST_HOST = "$(BUILT_PRODUCTS_DIR)/NetworkTo.app/$(BUNDLE_EXECUTABLE_FOLDER_PATH)/NetworkTo";}; name = Release; };
/* End XCBuildConfiguration section */

/* Begin XCConfigurationList section */
		G10000000000000000000001 = {isa = XCConfigurationList; buildConfigurations = (J10000000000000000000001, J10000000000000000000002); defaultConfigurationIsVisible = 0; defaultConfigurationName = Release; };
		G10000000000000000000002 = {isa = XCConfigurationList; buildConfigurations = (J10000000000000000000003, J10000000000000000000004); defaultConfigurationIsVisible = 0; defaultConfigurationName = Release; };
		G10000000000000000000003 = {isa = XCConfigurationList; buildConfigurations = (J10000000000000000000005, J10000000000000000000006); defaultConfigurationIsVisible = 0; defaultConfigurationName = Release; };
/* End XCConfigurationList section */

/* Begin XCRemoteSwiftPackageReference section */
		K10000000000000000000001 /* XCRemoteSwiftPackageReference "supabase-swift" */ = {
			isa = XCRemoteSwiftPackageReference;
			repositoryURL = "https://github.com/supabase/supabase-swift.git";
			requirement = {
				kind = upToNextMajorVersion;
				minimumVersion = 2.0.0;
			};
		};
/* End XCRemoteSwiftPackageReference section */

/* Begin XCSwiftPackageProductDependency section */
		L10000000000000000000001 /* Supabase */ = {
			isa = XCSwiftPackageProductDependency;
			package = K10000000000000000000001 /* XCRemoteSwiftPackageReference "supabase-swift" */;
			productName = Supabase;
		};
/* End XCSwiftPackageProductDependency section */
	};
	rootObject = D10000000000000000000001 /* Project object */;
}
